PODS:
  - Alamofire (4.8.2)
  - iOSSnapshotTestCase (6.1.0):
    - iOSSnapshotTestCase/SwiftSupport (= 6.1.0)
  - iOSSnapshotTestCase/Core (6.1.0)
  - iOSSnapshotTestCase/SwiftSupport (6.1.0):
    - iOSSnapshotTestCase/Core
  - JGProgressHUD (2.0.3)
  - KIF (3.7.8):
    - KIF/Core (= 3.7.8)
  - KIF/Core (3.7.8)
  - Kingfisher (5.7.0)
  - Nimble (8.0.2)
  - Nimble-Snapshots (7.1.0):
    - Nimble-Snapshots/Core (= 7.1.0)
  - Nimble-Snapshots/Core (7.1.0):
    - iOSSnapshotTestCase (~> 6.0)
    - Nimble (~> 8.0)
  - Quick (2.1.0)

DEPENDENCIES:
  - Alamofire
  - JGProgressHUD
  - KIF
  - Kingfisher
  - Nimble
  - Nimble-Snapshots
  - Quick

SPEC REPOS:
  https://github.com/cocoapods/specs.git:
    - Alamofire
    - iOSSnapshotTestCase
    - JGProgressHUD
    - KIF
    - Kingfisher
    - Nimble
    - Nimble-Snapshots
    - Quick

SPEC CHECKSUMS:
  Alamofire: ae5c501addb7afdbb13687d7f2f722c78734c2d3
  iOSSnapshotTestCase: 30d540b0c8feb9d7f8ff97acc25a3804b48ee264
  JGProgressHUD: 12b20a8f4ffe05258f8635c1ab92816e451f904d
  KIF: 52e1af1a78cf6fe4ec6777b14776f3dd2eccc32e
  Kingfisher: c7d211b54f1f30d8060aadab177d52b4349c825b
  Nimble: 622629381bda1dd5678162f21f1368cec7cbba60
  Nimble-Snapshots: 2ec985281eef0eb9fc69a469deee851363a50d0e
  Quick: 4be43f6634acfa727dd106bdf3929ce125ffa79d

PODFILE CHECKSUM: 729979fbbd863b158a18687a92ba394e0ba5138c

COCOAPODS: 1.6.0.beta.2
