// !$*UTF8*$!
{
	archiveVersion = 1;
	classes = {
	};
	objectVersion = 51;
	objects = {

/* Begin PBXBuildFile section */
		2C99EDDD8628851AEB83CA49 /* Pods_BestSwiftRepoTests.framework in Frameworks */ = {isa = PBXBuildFile; fileRef = A6A7B318CEE6A54FB18EABF5 /* Pods_BestSwiftRepoTests.framework */; };
		48984A17F9570F3960E2A2D9 /* Pods_BestSwiftRepo.framework in Frameworks */ = {isa = PBXBuildFile; fileRef = 3988FC8440DF73CBC803ADBB /* Pods_BestSwiftRepo.framework */; };
		867B68B122DE50BF00339A8D /* LoadViewCell.swift in Sources */ = {isa = PBXBuildFile; fileRef = 867B68B022DE50BF00339A8D /* LoadViewCell.swift */; };
		86801A0922DD2F5000739E54 /* AppDelegate.swift in Sources */ = {isa = PBXBuildFile; fileRef = 86801A0822DD2F5000739E54 /* AppDelegate.swift */; };
		86801A0B22DD2F5000739E54 /* RepoViewController.swift in Sources */ = {isa = PBXBuildFile; fileRef = 86801A0A22DD2F5000739E54 /* RepoViewController.swift */; };
		86801A1022DD2F5200739E54 /* Assets.xcassets in Resources */ = {isa = PBXBuildFile; fileRef = 86801A0F22DD2F5200739E54 /* Assets.xcassets */; };
		86801A1322DD2F5200739E54 /* LaunchScreen.storyboard in Resources */ = {isa = PBXBuildFile; fileRef = 86801A1122DD2F5200739E54 /* LaunchScreen.storyboard */; };
		86801A1E22DD2F5200739E54 /* BestSwiftRepoTests.swift in Sources */ = {isa = PBXBuildFile; fileRef = 86801A1D22DD2F5200739E54 /* BestSwiftRepoTests.swift */; };
		86801A2922DD2F5200739E54 /* BestSwiftRepoUITests.swift in Sources */ = {isa = PBXBuildFile; fileRef = 86801A2822DD2F5200739E54 /* BestSwiftRepoUITests.swift */; };
		86801A4222DD392200739E54 /* Repositories.storyboard in Resources */ = {isa = PBXBuildFile; fileRef = 86801A4122DD392200739E54 /* Repositories.storyboard */; };
		86801A4422DD3DC300739E54 /* RepoProtocols.swift in Sources */ = {isa = PBXBuildFile; fileRef = 86801A4322DD3DC300739E54 /* RepoProtocols.swift */; };
		86801A4922DD3EDF00739E54 /* CustomRepoType.swift in Sources */ = {isa = PBXBuildFile; fileRef = 86801A4822DD3EDF00739E54 /* CustomRepoType.swift */; };
		86801A4E22DD419500739E54 /* Repositories.swift in Sources */ = {isa = PBXBuildFile; fileRef = 86801A4D22DD419500739E54 /* Repositories.swift */; };
		86801A5022DD41CF00739E54 /* Item.swift in Sources */ = {isa = PBXBuildFile; fileRef = 86801A4F22DD41CF00739E54 /* Item.swift */; };
		86801A5222DD430A00739E54 /* Owner.swift in Sources */ = {isa = PBXBuildFile; fileRef = 86801A5122DD430A00739E54 /* Owner.swift */; };
		86801A5422DD484600739E54 /* RepoPresenter.swift in Sources */ = {isa = PBXBuildFile; fileRef = 86801A5322DD484600739E54 /* RepoPresenter.swift */; };
		86801A5622DD48BA00739E54 /* RepoInteractor.swift in Sources */ = {isa = PBXBuildFile; fileRef = 86801A5522DD48BA00739E54 /* RepoInteractor.swift */; };
		86801A5822DD495800739E54 /* RepoAPIService.swift in Sources */ = {isa = PBXBuildFile; fileRef = 86801A5722DD495700739E54 /* RepoAPIService.swift */; };
		86801A5A22DD4A1C00739E54 /* RepoRouter.swift in Sources */ = {isa = PBXBuildFile; fileRef = 86801A5922DD4A1C00739E54 /* RepoRouter.swift */; };
		86801A5C22DD4A7100739E54 /* StoryBoard.swift in Sources */ = {isa = PBXBuildFile; fileRef = 86801A5B22DD4A7100739E54 /* StoryBoard.swift */; };
		86801A5F22DD66F600739E54 /* RepoViewCell.swift in Sources */ = {isa = PBXBuildFile; fileRef = 86801A5E22DD66F600739E54 /* RepoViewCell.swift */; };
		86801A6222DD6FAA00739E54 /* UIView+Extension.swift in Sources */ = {isa = PBXBuildFile; fileRef = 86801A6122DD6FAA00739E54 /* UIView+Extension.swift */; };
		D6F3E17230C04E52D2158C52 /* Pods_BestSwiftRepoUITests.framework in Frameworks */ = {isa = PBXBuildFile; fileRef = E844A63E67D675B375666A4C /* Pods_BestSwiftRepoUITests.framework */; };
/* End PBXBuildFile section */

/* Begin PBXContainerItemProxy section */
		86801A1A22DD2F5200739E54 /* PBXContainerItemProxy */ = {
			isa = PBXContainerItemProxy;
			containerPortal = 868019FD22DD2F5000739E54 /* Project object */;
			proxyType = 1;
			remoteGlobalIDString = 86801A0422DD2F5000739E54;
			remoteInfo = BestSwiftRepo;
		};
		86801A2522DD2F5200739E54 /* PBXContainerItemProxy */ = {
			isa = PBXContainerItemProxy;
			containerPortal = 868019FD22DD2F5000739E54 /* Project object */;
			proxyType = 1;
			remoteGlobalIDString = 86801A0422DD2F5000739E54;
			remoteInfo = BestSwiftRepo;
		};
/* End PBXContainerItemProxy section */

/* Begin PBXFileReference section */
		0CA665AEE32BEAA6549D0648 /* Pods-BestSwiftRepo.debug.xcconfig */ = {isa = PBXFileReference; includeInIndex = 1; lastKnownFileType = text.xcconfig; name = "Pods-BestSwiftRepo.debug.xcconfig"; path = "Target Support Files/Pods-BestSwiftRepo/Pods-BestSwiftRepo.debug.xcconfig"; sourceTree = "<group>"; };
		14B49E8F838EB4B29280D2DF /* Pods-BestSwiftRepoTests.release.xcconfig */ = {isa = PBXFileReference; includeInIndex = 1; lastKnownFileType = text.xcconfig; name = "Pods-BestSwiftRepoTests.release.xcconfig"; path = "Target Support Files/Pods-BestSwiftRepoTests/Pods-BestSwiftRepoTests.release.xcconfig"; sourceTree = "<group>"; };
		3988FC8440DF73CBC803ADBB /* Pods_BestSwiftRepo.framework */ = {isa = PBXFileReference; explicitFileType = wrapper.framework; includeInIndex = 0; path = Pods_BestSwiftRepo.framework; sourceTree = BUILT_PRODUCTS_DIR; };
		3B830594EB98FDC2C967C835 /* Pods-BestSwiftRepoUITests.debug.xcconfig */ = {isa = PBXFileReference; includeInIndex = 1; lastKnownFileType = text.xcconfig; name = "Pods-BestSwiftRepoUITests.debug.xcconfig"; path = "Target Support Files/Pods-BestSwiftRepoUITests/Pods-BestSwiftRepoUITests.debug.xcconfig"; sourceTree = "<group>"; };
		867B68B022DE50BF00339A8D /* LoadViewCell.swift */ = {isa = PBXFileReference; lastKnownFileType = sourcecode.swift; path = LoadViewCell.swift; sourceTree = "<group>"; };
		86801A0522DD2F5000739E54 /* BestSwiftRepo.app */ = {isa = PBXFileReference; explicitFileType = wrapper.application; includeInIndex = 0; path = BestSwiftRepo.app; sourceTree = BUILT_PRODUCTS_DIR; };
		86801A0822DD2F5000739E54 /* AppDelegate.swift */ = {isa = PBXFileReference; lastKnownFileType = sourcecode.swift; path = AppDelegate.swift; sourceTree = "<group>"; };
		86801A0A22DD2F5000739E54 /* RepoViewController.swift */ = {isa = PBXFileReference; lastKnownFileType = sourcecode.swift; path = RepoViewController.swift; sourceTree = "<group>"; };
		86801A0F22DD2F5200739E54 /* Assets.xcassets */ = {isa = PBXFileReference; lastKnownFileType = folder.assetcatalog; path = Assets.xcassets; sourceTree = "<group>"; };
		86801A1222DD2F5200739E54 /* Base */ = {isa = PBXFileReference; lastKnownFileType = file.storyboard; name = Base; path = Base.lproj/LaunchScreen.storyboard; sourceTree = "<group>"; };
		86801A1422DD2F5200739E54 /* Info.plist */ = {isa = PBXFileReference; lastKnownFileType = text.plist.xml; path = Info.plist; sourceTree = "<group>"; };
		86801A1922DD2F5200739E54 /* BestSwiftRepoTests.xctest */ = {isa = PBXFileReference; explicitFileType = wrapper.cfbundle; includeInIndex = 0; path = BestSwiftRepoTests.xctest; sourceTree = BUILT_PRODUCTS_DIR; };
		86801A1D22DD2F5200739E54 /* BestSwiftRepoTests.swift */ = {isa = PBXFileReference; lastKnownFileType = sourcecode.swift; path = BestSwiftRepoTests.swift; sourceTree = "<group>"; };
		86801A1F22DD2F5200739E54 /* Info.plist */ = {isa = PBXFileReference; lastKnownFileType = text.plist.xml; path = Info.plist; sourceTree = "<group>"; };
		86801A2422DD2F5200739E54 /* BestSwiftRepoUITests.xctest */ = {isa = PBXFileReference; explicitFileType = wrapper.cfbundle; includeInIndex = 0; path = BestSwiftRepoUITests.xctest; sourceTree = BUILT_PRODUCTS_DIR; };
		86801A2822DD2F5200739E54 /* BestSwiftRepoUITests.swift */ = {isa = PBXFileReference; lastKnownFileType = sourcecode.swift; path = BestSwiftRepoUITests.swift; sourceTree = "<group>"; };
		86801A2A22DD2F5200739E54 /* Info.plist */ = {isa = PBXFileReference; lastKnownFileType = text.plist.xml; path = Info.plist; sourceTree = "<group>"; };
		86801A4122DD392200739E54 /* Repositories.storyboard */ = {isa = PBXFileReference; lastKnownFileType = file.storyboard; path = Repositories.storyboard; sourceTree = "<group>"; };
		86801A4322DD3DC300739E54 /* RepoProtocols.swift */ = {isa = PBXFileReference; lastKnownFileType = sourcecode.swift; path = RepoProtocols.swift; sourceTree = "<group>"; };
		86801A4822DD3EDF00739E54 /* CustomRepoType.swift */ = {isa = PBXFileReference; lastKnownFileType = sourcecode.swift; path = CustomRepoType.swift; sourceTree = "<group>"; };
		86801A4D22DD419500739E54 /* Repositories.swift */ = {isa = PBXFileReference; lastKnownFileType = sourcecode.swift; path = Repositories.swift; sourceTree = "<group>"; };
		86801A4F22DD41CF00739E54 /* Item.swift */ = {isa = PBXFileReference; lastKnownFileType = sourcecode.swift; path = Item.swift; sourceTree = "<group>"; };
		86801A5122DD430A00739E54 /* Owner.swift */ = {isa = PBXFileReference; lastKnownFileType = sourcecode.swift; path = Owner.swift; sourceTree = "<group>"; };
		86801A5322DD484600739E54 /* RepoPresenter.swift */ = {isa = PBXFileReference; lastKnownFileType = sourcecode.swift; path = RepoPresenter.swift; sourceTree = "<group>"; };
		86801A5522DD48BA00739E54 /* RepoInteractor.swift */ = {isa = PBXFileReference; lastKnownFileType = sourcecode.swift; path = RepoInteractor.swift; sourceTree = "<group>"; };
		86801A5722DD495700739E54 /* RepoAPIService.swift */ = {isa = PBXFileReference; lastKnownFileType = sourcecode.swift; path = RepoAPIService.swift; sourceTree = "<group>"; };
		86801A5922DD4A1C00739E54 /* RepoRouter.swift */ = {isa = PBXFileReference; lastKnownFileType = sourcecode.swift; path = RepoRouter.swift; sourceTree = "<group>"; };
		86801A5B22DD4A7100739E54 /* StoryBoard.swift */ = {isa = PBXFileReference; lastKnownFileType = sourcecode.swift; path = StoryBoard.swift; sourceTree = "<group>"; };
		86801A5E22DD66F600739E54 /* RepoViewCell.swift */ = {isa = PBXFileReference; lastKnownFileType = sourcecode.swift; path = RepoViewCell.swift; sourceTree = "<group>"; };
		86801A6122DD6FAA00739E54 /* UIView+Extension.swift */ = {isa = PBXFileReference; lastKnownFileType = sourcecode.swift; path = "UIView+Extension.swift"; sourceTree = "<group>"; };
		99F2519E4C2B212BD017CEFD /* Pods-BestSwiftRepoTests.debug.xcconfig */ = {isa = PBXFileReference; includeInIndex = 1; lastKnownFileType = text.xcconfig; name = "Pods-BestSwiftRepoTests.debug.xcconfig"; path = "Target Support Files/Pods-BestSwiftRepoTests/Pods-BestSwiftRepoTests.debug.xcconfig"; sourceTree = "<group>"; };
		A6A7B318CEE6A54FB18EABF5 /* Pods_BestSwiftRepoTests.framework */ = {isa = PBXFileReference; explicitFileType = wrapper.framework; includeInIndex = 0; path = Pods_BestSwiftRepoTests.framework; sourceTree = BUILT_PRODUCTS_DIR; };
		BE7398CE25A1A84C71211B45 /* Pods-BestSwiftRepoUITests.release.xcconfig */ = {isa = PBXFileReference; includeInIndex = 1; lastKnownFileType = text.xcconfig; name = "Pods-BestSwiftRepoUITests.release.xcconfig"; path = "Target Support Files/Pods-BestSwiftRepoUITests/Pods-BestSwiftRepoUITests.release.xcconfig"; sourceTree = "<group>"; };
		E3812E2D1A68930D052286A6 /* Pods-BestSwiftRepo.release.xcconfig */ = {isa = PBXFileReference; includeInIndex = 1; lastKnownFileType = text.xcconfig; name = "Pods-BestSwiftRepo.release.xcconfig"; path = "Target Support Files/Pods-BestSwiftRepo/Pods-BestSwiftRepo.release.xcconfig"; sourceTree = "<group>"; };
		E844A63E67D675B375666A4C /* Pods_BestSwiftRepoUITests.framework */ = {isa = PBXFileReference; explicitFileType = wrapper.framework; includeInIndex = 0; path = Pods_BestSwiftRepoUITests.framework; sourceTree = BUILT_PRODUCTS_DIR; };
/* End PBXFileReference section */

/* Begin PBXFrameworksBuildPhase section */
		86801A0222DD2F5000739E54 /* Frameworks */ = {
			isa = PBXFrameworksBuildPhase;
			buildActionMask = 2147483647;
			files = (
				48984A17F9570F3960E2A2D9 /* Pods_BestSwiftRepo.framework in Frameworks */,
			);
			runOnlyForDeploymentPostprocessing = 0;
		};
		86801A1622DD2F5200739E54 /* Frameworks */ = {
			isa = PBXFrameworksBuildPhase;
			buildActionMask = 2147483647;
			files = (
				2C99EDDD8628851AEB83CA49 /* Pods_BestSwiftRepoTests.framework in Frameworks */,
			);
			runOnlyForDeploymentPostprocessing = 0;
		};
		86801A2122DD2F5200739E54 /* Frameworks */ = {
			isa = PBXFrameworksBuildPhase;
			buildActionMask = 2147483647;
			files = (
				D6F3E17230C04E52D2158C52 /* Pods_BestSwiftRepoUITests.framework in Frameworks */,
			);
			runOnlyForDeploymentPostprocessing = 0;
		};
/* End PBXFrameworksBuildPhase section */

/* Begin PBXGroup section */
		2E183B970F41AE4A88313FB6 /* Frameworks */ = {
			isa = PBXGroup;
			children = (
				3988FC8440DF73CBC803ADBB /* Pods_BestSwiftRepo.framework */,
				A6A7B318CEE6A54FB18EABF5 /* Pods_BestSwiftRepoTests.framework */,
				E844A63E67D675B375666A4C /* Pods_BestSwiftRepoUITests.framework */,
			);
			name = Frameworks;
			sourceTree = "<group>";
		};
		70A348571A74C94E7DF8CCF9 /* Pods */ = {
			isa = PBXGroup;
			children = (
				0CA665AEE32BEAA6549D0648 /* Pods-BestSwiftRepo.debug.xcconfig */,
				E3812E2D1A68930D052286A6 /* Pods-BestSwiftRepo.release.xcconfig */,
				99F2519E4C2B212BD017CEFD /* Pods-BestSwiftRepoTests.debug.xcconfig */,
				14B49E8F838EB4B29280D2DF /* Pods-BestSwiftRepoTests.release.xcconfig */,
				3B830594EB98FDC2C967C835 /* Pods-BestSwiftRepoUITests.debug.xcconfig */,
				BE7398CE25A1A84C71211B45 /* Pods-BestSwiftRepoUITests.release.xcconfig */,
			);
			path = Pods;
			sourceTree = "<group>";
		};
		868019FC22DD2F5000739E54 = {
			isa = PBXGroup;
			children = (
				86801A0722DD2F5000739E54 /* BestSwiftRepo */,
				86801A1C22DD2F5200739E54 /* BestSwiftRepoTests */,
				86801A2722DD2F5200739E54 /* BestSwiftRepoUITests */,
				86801A0622DD2F5000739E54 /* Products */,
				70A348571A74C94E7DF8CCF9 /* Pods */,
				2E183B970F41AE4A88313FB6 /* Frameworks */,
			);
			sourceTree = "<group>";
		};
		86801A0622DD2F5000739E54 /* Products */ = {
			isa = PBXGroup;
			children = (
				86801A0522DD2F5000739E54 /* BestSwiftRepo.app */,
				86801A1922DD2F5200739E54 /* BestSwiftRepoTests.xctest */,
				86801A2422DD2F5200739E54 /* BestSwiftRepoUITests.xctest */,
			);
			name = Products;
			sourceTree = "<group>";
		};
		86801A0722DD2F5000739E54 /* BestSwiftRepo */ = {
			isa = PBXGroup;
			children = (
				86801A3622DD360500739E54 /* Application */,
				86801A3822DD364100739E54 /* Modules */,
				86801A3A22DD365D00739E54 /* Network */,
				86801A3922DD364900739E54 /* Protocols */,
				86801A3722DD362B00739E54 /* Resources */,
				86801A4622DD3E6000739E54 /* Util */,
			);
			path = BestSwiftRepo;
			sourceTree = "<group>";
		};
		86801A1C22DD2F5200739E54 /* BestSwiftRepoTests */ = {
			isa = PBXGroup;
			children = (
				86801A1D22DD2F5200739E54 /* BestSwiftRepoTests.swift */,
				86801A1F22DD2F5200739E54 /* Info.plist */,
			);
			path = BestSwiftRepoTests;
			sourceTree = "<group>";
		};
		86801A2722DD2F5200739E54 /* BestSwiftRepoUITests */ = {
			isa = PBXGroup;
			children = (
				86801A2822DD2F5200739E54 /* BestSwiftRepoUITests.swift */,
				86801A2A22DD2F5200739E54 /* Info.plist */,
			);
			path = BestSwiftRepoUITests;
			sourceTree = "<group>";
		};
		86801A3622DD360500739E54 /* Application */ = {
			isa = PBXGroup;
			children = (
				86801A0822DD2F5000739E54 /* AppDelegate.swift */,
			);
			path = Application;
			sourceTree = "<group>";
		};
		86801A3722DD362B00739E54 /* Resources */ = {
			isa = PBXGroup;
			children = (
				86801A0F22DD2F5200739E54 /* Assets.xcassets */,
				86801A1122DD2F5200739E54 /* LaunchScreen.storyboard */,
				86801A1422DD2F5200739E54 /* Info.plist */,
			);
			path = Resources;
			sourceTree = "<group>";
		};
		86801A3822DD364100739E54 /* Modules */ = {
			isa = PBXGroup;
			children = (
				86801A3B22DD368800739E54 /* Repositories */,
			);
			path = Modules;
			sourceTree = "<group>";
		};
		86801A3922DD364900739E54 /* Protocols */ = {
			isa = PBXGroup;
			children = (
				86801A4322DD3DC300739E54 /* RepoProtocols.swift */,
			);
			path = Protocols;
			sourceTree = "<group>";
		};
		86801A3A22DD365D00739E54 /* Network */ = {
			isa = PBXGroup;
			children = (
				86801A5722DD495700739E54 /* RepoAPIService.swift */,
			);
			path = Network;
			sourceTree = "<group>";
		};
		86801A3B22DD368800739E54 /* Repositories */ = {
			isa = PBXGroup;
			children = (
				86801A4A22DD40ED00739E54 /* Entity */,
				86801A3F22DD36F900739E54 /* Router */,
				86801A3E22DD36D900739E54 /* Interactor */,
				86801A3D22DD36D300739E54 /* Presenter */,
				86801A3C22DD36CC00739E54 /* View */,
			);
			path = Repositories;
			sourceTree = "<group>";
		};
		86801A3C22DD36CC00739E54 /* View */ = {
			isa = PBXGroup;
			children = (
				86801A5D22DD4C1900739E54 /* Cells */,
				86801A0A22DD2F5000739E54 /* RepoViewController.swift */,
				86801A4122DD392200739E54 /* Repositories.storyboard */,
			);
			path = View;
			sourceTree = "<group>";
		};
		86801A3D22DD36D300739E54 /* Presenter */ = {
			isa = PBXGroup;
			children = (
				86801A5322DD484600739E54 /* RepoPresenter.swift */,
			);
			path = Presenter;
			sourceTree = "<group>";
		};
		86801A3E22DD36D900739E54 /* Interactor */ = {
			isa = PBXGroup;
			children = (
				86801A5522DD48BA00739E54 /* RepoInteractor.swift */,
			);
			path = Interactor;
			sourceTree = "<group>";
		};
		86801A3F22DD36F900739E54 /* Router */ = {
			isa = PBXGroup;
			children = (
				86801A5922DD4A1C00739E54 /* RepoRouter.swift */,
			);
			path = Router;
			sourceTree = "<group>";
		};
		86801A4622DD3E6000739E54 /* Util */ = {
			isa = PBXGroup;
			children = (
				86801A6022DD6F9200739E54 /* Extension */,
				86801A4722DD3EB300739E54 /* Enum */,
				86801A5B22DD4A7100739E54 /* StoryBoard.swift */,
			);
			path = Util;
			sourceTree = "<group>";
		};
		86801A4722DD3EB300739E54 /* Enum */ = {
			isa = PBXGroup;
			children = (
				86801A4822DD3EDF00739E54 /* CustomRepoType.swift */,
			);
			path = Enum;
			sourceTree = "<group>";
		};
		86801A4A22DD40ED00739E54 /* Entity */ = {
			isa = PBXGroup;
			children = (
				86801A4D22DD419500739E54 /* Repositories.swift */,
				86801A4F22DD41CF00739E54 /* Item.swift */,
				86801A5122DD430A00739E54 /* Owner.swift */,
			);
			path = Entity;
			sourceTree = "<group>";
		};
		86801A5D22DD4C1900739E54 /* Cells */ = {
			isa = PBXGroup;
			children = (
				86801A5E22DD66F600739E54 /* RepoViewCell.swift */,
				867B68B022DE50BF00339A8D /* LoadViewCell.swift */,
			);
			path = Cells;
			sourceTree = "<group>";
		};
		86801A6022DD6F9200739E54 /* Extension */ = {
			isa = PBXGroup;
			children = (
				86801A6122DD6FAA00739E54 /* UIView+Extension.swift */,
			);
			path = Extension;
			sourceTree = "<group>";
		};
/* End PBXGroup section */

/* Begin PBXNativeTarget section */
		86801A0422DD2F5000739E54 /* BestSwiftRepo */ = {
			isa = PBXNativeTarget;
			buildConfigurationList = 86801A2D22DD2F5200739E54 /* Build configuration list for PBXNativeTarget "BestSwiftRepo" */;
			buildPhases = (
				AC59DDB2B36088F91BD347FC /* [CP] Check Pods Manifest.lock */,
				86801A0122DD2F5000739E54 /* Sources */,
				86801A0222DD2F5000739E54 /* Frameworks */,
				86801A0322DD2F5000739E54 /* Resources */,
				CDD9446DC9045062CA5A2D90 /* [CP] Embed Pods Frameworks */,
			);
			buildRules = (
			);
			dependencies = (
			);
			name = BestSwiftRepo;
			productName = BestSwiftRepo;
			productReference = 86801A0522DD2F5000739E54 /* BestSwiftRepo.app */;
			productType = "com.apple.product-type.application";
		};
		86801A1822DD2F5200739E54 /* BestSwiftRepoTests */ = {
			isa = PBXNativeTarget;
			buildConfigurationList = 86801A3022DD2F5200739E54 /* Build configuration list for PBXNativeTarget "BestSwiftRepoTests" */;
			buildPhases = (
				23CA814AAC4F89D5E8FF8C70 /* [CP] Check Pods Manifest.lock */,
				86801A1522DD2F5200739E54 /* Sources */,
				86801A1622DD2F5200739E54 /* Frameworks */,
				86801A1722DD2F5200739E54 /* Resources */,
				050085572EEF7421493A3FE1 /* [CP] Embed Pods Frameworks */,
			);
			buildRules = (
			);
			dependencies = (
				86801A1B22DD2F5200739E54 /* PBXTargetDependency */,
			);
			name = BestSwiftRepoTests;
			productName = BestSwiftRepoTests;
			productReference = 86801A1922DD2F5200739E54 /* BestSwiftRepoTests.xctest */;
			productType = "com.apple.product-type.bundle.unit-test";
		};
		86801A2322DD2F5200739E54 /* BestSwiftRepoUITests */ = {
			isa = PBXNativeTarget;
			buildConfigurationList = 86801A3322DD2F5200739E54 /* Build configuration list for PBXNativeTarget "BestSwiftRepoUITests" */;
			buildPhases = (
				682CB21C698E2BA16137F146 /* [CP] Check Pods Manifest.lock */,
				86801A2022DD2F5200739E54 /* Sources */,
				86801A2122DD2F5200739E54 /* Frameworks */,
				86801A2222DD2F5200739E54 /* Resources */,
			);
			buildRules = (
			);
			dependencies = (
				86801A2622DD2F5200739E54 /* PBXTargetDependency */,
			);
			name = BestSwiftRepoUITests;
			productName = BestSwiftRepoUITests;
			productReference = 86801A2422DD2F5200739E54 /* BestSwiftRepoUITests.xctest */;
			productType = "com.apple.product-type.bundle.ui-testing";
		};
/* End PBXNativeTarget section */

/* Begin PBXProject section */
		868019FD22DD2F5000739E54 /* Project object */ = {
			isa = PBXProject;
			attributes = {
				LastSwiftUpdateCheck = 1020;
				LastUpgradeCheck = 1020;
				ORGANIZATIONNAME = "Thiago M Faria";
				TargetAttributes = {
					86801A0422DD2F5000739E54 = {
						CreatedOnToolsVersion = 10.2.1;
					};
					86801A1822DD2F5200739E54 = {
						CreatedOnToolsVersion = 10.2.1;
						TestTargetID = 86801A0422DD2F5000739E54;
					};
					86801A2322DD2F5200739E54 = {
						CreatedOnToolsVersion = 10.2.1;
						TestTargetID = 86801A0422DD2F5000739E54;
					};
				};
			};
			buildConfigurationList = 86801A0022DD2F5000739E54 /* Build configuration list for PBXProject "BestSwiftRepo" */;
			compatibilityVersion = "Xcode 9.3";
			developmentRegion = en;
			hasScannedForEncodings = 0;
			knownRegions = (
				en,
				Base,
			);
			mainGroup = 868019FC22DD2F5000739E54;
			productRefGroup = 86801A0622DD2F5000739E54 /* Products */;
			projectDirPath = "";
			projectRoot = "";
			targets = (
				86801A0422DD2F5000739E54 /* BestSwiftRepo */,
				86801A1822DD2F5200739E54 /* BestSwiftRepoTests */,
				86801A2322DD2F5200739E54 /* BestSwiftRepoUITests */,
			);
		};
/* End PBXProject section */

/* Begin PBXResourcesBuildPhase section */
		86801A0322DD2F5000739E54 /* Resources */ = {
			isa = PBXResourcesBuildPhase;
			buildActionMask = 2147483647;
			files = (
				86801A1322DD2F5200739E54 /* LaunchScreen.storyboard in Resources */,
				86801A4222DD392200739E54 /* Repositories.storyboard in Resources */,
				86801A1022DD2F5200739E54 /* Assets.xcassets in Resources */,
			);
			runOnlyForDeploymentPostprocessing = 0;
		};
		86801A1722DD2F5200739E54 /* Resources */ = {
			isa = PBXResourcesBuildPhase;
			buildActionMask = 2147483647;
			files = (
			);
			runOnlyForDeploymentPostprocessing = 0;
		};
		86801A2222DD2F5200739E54 /* Resources */ = {
			isa = PBXResourcesBuildPhase;
			buildActionMask = 2147483647;
			files = (
			);
			runOnlyForDeploymentPostprocessing = 0;
		};
/* End PBXResourcesBuildPhase section */

/* Begin PBXShellScriptBuildPhase section */
		050085572EEF7421493A3FE1 /* [CP] Embed Pods Frameworks */ = {
			isa = PBXShellScriptBuildPhase;
			buildActionMask = 2147483647;
			files = (
			);
			inputFileListPaths = (
				"${PODS_ROOT}/Target Support Files/Pods-BestSwiftRepoTests/Pods-BestSwiftRepoTests-frameworks-${CONFIGURATION}-input-files.xcfilelist",
			);
			name = "[CP] Embed Pods Frameworks";
			outputFileListPaths = (
				"${PODS_ROOT}/Target Support Files/Pods-BestSwiftRepoTests/Pods-BestSwiftRepoTests-frameworks-${CONFIGURATION}-output-files.xcfilelist",
			);
			runOnlyForDeploymentPostprocessing = 0;
			shellPath = /bin/sh;
			shellScript = "\"${PODS_ROOT}/Target Support Files/Pods-BestSwiftRepoTests/Pods-BestSwiftRepoTests-frameworks.sh\"\n";
			showEnvVarsInLog = 0;
		};
		23CA814AAC4F89D5E8FF8C70 /* [CP] Check Pods Manifest.lock */ = {
			isa = PBXShellScriptBuildPhase;
			buildActionMask = 2147483647;
			files = (
			);
			inputFileListPaths = (
			);
			inputPaths = (
				"${PODS_PODFILE_DIR_PATH}/Podfile.lock",
				"${PODS_ROOT}/Manifest.lock",
			);
			name = "[CP] Check Pods Manifest.lock";
			outputFileListPaths = (
			);
			outputPaths = (
				"$(DERIVED_FILE_DIR)/Pods-BestSwiftRepoTests-checkManifestLockResult.txt",
			);
			runOnlyForDeploymentPostprocessing = 0;
			shellPath = /bin/sh;
			shellScript = "diff \"${PODS_PODFILE_DIR_PATH}/Podfile.lock\" \"${PODS_ROOT}/Manifest.lock\" > /dev/null\nif [ $? != 0 ] ; then\n    # print error to STDERR\n    echo \"error: The sandbox is not in sync with the Podfile.lock. Run 'pod install' or update your CocoaPods installation.\" >&2\n    exit 1\nfi\n# This output is used by Xcode 'outputs' to avoid re-running this script phase.\necho \"SUCCESS\" > \"${SCRIPT_OUTPUT_FILE_0}\"\n";
			showEnvVarsInLog = 0;
		};
		682CB21C698E2BA16137F146 /* [CP] Check Pods Manifest.lock */ = {
			isa = PBXShellScriptBuildPhase;
			buildActionMask = 2147483647;
			files = (
			);
			inputFileListPaths = (
			);
			inputPaths = (
				"${PODS_PODFILE_DIR_PATH}/Podfile.lock",
				"${PODS_ROOT}/Manifest.lock",
			);
			name = "[CP] Check Pods Manifest.lock";
			outputFileListPaths = (
			);
			outputPaths = (
				"$(DERIVED_FILE_DIR)/Pods-BestSwiftRepoUITests-checkManifestLockResult.txt",
			);
			runOnlyForDeploymentPostprocessing = 0;
			shellPath = /bin/sh;
			shellScript = "diff \"${PODS_PODFILE_DIR_PATH}/Podfile.lock\" \"${PODS_ROOT}/Manifest.lock\" > /dev/null\nif [ $? != 0 ] ; then\n    # print error to STDERR\n    echo \"error: The sandbox is not in sync with the Podfile.lock. Run 'pod install' or update your CocoaPods installation.\" >&2\n    exit 1\nfi\n# This output is used by Xcode 'outputs' to avoid re-running this script phase.\necho \"SUCCESS\" > \"${SCRIPT_OUTPUT_FILE_0}\"\n";
			showEnvVarsInLog = 0;
		};
		AC59DDB2B36088F91BD347FC /* [CP] Check Pods Manifest.lock */ = {
			isa = PBXShellScriptBuildPhase;
			buildActionMask = 2147483647;
			files = (
			);
			inputFileListPaths = (
			);
			inputPaths = (
				"${PODS_PODFILE_DIR_PATH}/Podfile.lock",
				"${PODS_ROOT}/Manifest.lock",
			);
			name = "[CP] Check Pods Manifest.lock";
			outputFileListPaths = (
			);
			outputPaths = (
				"$(DERIVED_FILE_DIR)/Pods-BestSwiftRepo-checkManifestLockResult.txt",
			);
			runOnlyForDeploymentPostprocessing = 0;
			shellPath = /bin/sh;
			shellScript = "diff \"${PODS_PODFILE_DIR_PATH}/Podfile.lock\" \"${PODS_ROOT}/Manifest.lock\" > /dev/null\nif [ $? != 0 ] ; then\n    # print error to STDERR\n    echo \"error: The sandbox is not in sync with the Podfile.lock. Run 'pod install' or update your CocoaPods installation.\" >&2\n    exit 1\nfi\n# This output is used by Xcode 'outputs' to avoid re-running this script phase.\necho \"SUCCESS\" > \"${SCRIPT_OUTPUT_FILE_0}\"\n";
			showEnvVarsInLog = 0;
		};
		CDD9446DC9045062CA5A2D90 /* [CP] Embed Pods Frameworks */ = {
			isa = PBXShellScriptBuildPhase;
			buildActionMask = 2147483647;
			files = (
			);
			inputFileListPaths = (
				"${PODS_ROOT}/Target Support Files/Pods-BestSwiftRepo/Pods-BestSwiftRepo-frameworks-${CONFIGURATION}-input-files.xcfilelist",
			);
			name = "[CP] Embed Pods Frameworks";
			outputFileListPaths = (
				"${PODS_ROOT}/Target Support Files/Pods-BestSwiftRepo/Pods-BestSwiftRepo-frameworks-${CONFIGURATION}-output-files.xcfilelist",
			);
			runOnlyForDeploymentPostprocessing = 0;
			shellPath = /bin/sh;
			shellScript = "\"${PODS_ROOT}/Target Support Files/Pods-BestSwiftRepo/Pods-BestSwiftRepo-frameworks.sh\"\n";
			showEnvVarsInLog = 0;
		};
/* End PBXShellScriptBuildPhase section */

/* Begin PBXSourcesBuildPhase section */
		86801A0122DD2F5000739E54 /* Sources */ = {
			isa = PBXSourcesBuildPhase;
			buildActionMask = 2147483647;
			files = (
				86801A4422DD3DC300739E54 /* RepoProtocols.swift in Sources */,
				86801A4E22DD419500739E54 /* Repositories.swift in Sources */,
				86801A5222DD430A00739E54 /* Owner.swift in Sources */,
				86801A0B22DD2F5000739E54 /* RepoViewController.swift in Sources */,
				86801A5C22DD4A7100739E54 /* StoryBoard.swift in Sources */,
				86801A5A22DD4A1C00739E54 /* RepoRouter.swift in Sources */,
				86801A5F22DD66F600739E54 /* RepoViewCell.swift in Sources */,
				867B68B122DE50BF00339A8D /* LoadViewCell.swift in Sources */,
				86801A5822DD495800739E54 /* RepoAPIService.swift in Sources */,
				86801A6222DD6FAA00739E54 /* UIView+Extension.swift in Sources */,
				86801A5422DD484600739E54 /* RepoPresenter.swift in Sources */,
				86801A4922DD3EDF00739E54 /* CustomRepoType.swift in Sources */,
				86801A5622DD48BA00739E54 /* RepoInteractor.swift in Sources */,
				86801A5022DD41CF00739E54 /* Item.swift in Sources */,
				86801A0922DD2F5000739E54 /* AppDelegate.swift in Sources */,
			);
			runOnlyForDeploymentPostprocessing = 0;
		};
		86801A1522DD2F5200739E54 /* Sources */ = {
			isa = PBXSourcesBuildPhase;
			buildActionMask = 2147483647;
			files = (
				86801A1E22DD2F5200739E54 /* BestSwiftRepoTests.swift in Sources */,
			);
			runOnlyForDeploymentPostprocessing = 0;
		};
		86801A2022DD2F5200739E54 /* Sources */ = {
			isa = PBXSourcesBuildPhase;
			buildActionMask = 2147483647;
			files = (
				86801A2922DD2F5200739E54 /* BestSwiftRepoUITests.swift in Sources */,
			);
			runOnlyForDeploymentPostprocessing = 0;
		};
/* End PBXSourcesBuildPhase section */

/* Begin PBXTargetDependency section */
		86801A1B22DD2F5200739E54 /* PBXTargetDependency */ = {
			isa = PBXTargetDependency;
			target = 86801A0422DD2F5000739E54 /* BestSwiftRepo */;
			targetProxy = 86801A1A22DD2F5200739E54 /* PBXContainerItemProxy */;
		};
		86801A2622DD2F5200739E54 /* PBXTargetDependency */ = {
			isa = PBXTargetDependency;
			target = 86801A0422DD2F5000739E54 /* BestSwiftRepo */;
			targetProxy = 86801A2522DD2F5200739E54 /* PBXContainerItemProxy */;
		};
/* End PBXTargetDependency section */

/* Begin PBXVariantGroup section */
		86801A1122DD2F5200739E54 /* LaunchScreen.storyboard */ = {
			isa = PBXVariantGroup;
			children = (
				86801A1222DD2F5200739E54 /* Base */,
			);
			name = LaunchScreen.storyboard;
			sourceTree = "<group>";
		};
/* End PBXVariantGroup section */

/* Begin XCBuildConfiguration section */
		86801A2B22DD2F5200739E54 /* Debug */ = {
			isa = XCBuildConfiguration;
			buildSettings = {
				ALWAYS_SEARCH_USER_PATHS = NO;
				CLANG_ANALYZER_NONNULL = YES;
				CLANG_ANALYZER_NUMBER_OBJECT_CONVERSION = YES_AGGRESSIVE;
				CLANG_CXX_LANGUAGE_STANDARD = "gnu++14";
				CLANG_CXX_LIBRARY = "libc++";
				CLANG_ENABLE_MODULES = YES;
				CLANG_ENABLE_OBJC_ARC = YES;
				CLANG_ENABLE_OBJC_WEAK = YES;
				CLANG_WARN_BLOCK_CAPTURE_AUTORELEASING = YES;
				CLANG_WARN_BOOL_CONVERSION = YES;
				CLANG_WARN_COMMA = YES;
				CLANG_WARN_CONSTANT_CONVERSION = YES;
				CLANG_WARN_DEPRECATED_OBJC_IMPLEMENTATIONS = YES;
				CLANG_WARN_DIRECT_OBJC_ISA_USAGE = YES_ERROR;
				CLANG_WARN_DOCUMENTATION_COMMENTS = YES;
				CLANG_WARN_EMPTY_BODY = YES;
				CLANG_WARN_ENUM_CONVERSION = YES;
				CLANG_WARN_INFINITE_RECURSION = YES;
				CLANG_WARN_INT_CONVERSION = YES;
				CLANG_WARN_NON_LITERAL_NULL_CONVERSION = YES;
				CLANG_WARN_OBJC_IMPLICIT_RETAIN_SELF = YES;
				CLANG_WARN_OBJC_LITERAL_CONVERSION = YES;
				CLANG_WARN_OBJC_ROOT_CLASS = YES_ERROR;
				CLANG_WARN_RANGE_LOOP_ANALYSIS = YES;
				CLANG_WARN_STRICT_PROTOTYPES = YES;
				CLANG_WARN_SUSPICIOUS_MOVE = YES;
				CLANG_WARN_UNGUARDED_AVAILABILITY = YES_AGGRESSIVE;
				CLANG_WARN_UNREACHABLE_CODE = YES;
				CLANG_WARN__DUPLICATE_METHOD_MATCH = YES;
				CODE_SIGN_IDENTITY = "iPhone Developer";
				COPY_PHASE_STRIP = NO;
				DEBUG_INFORMATION_FORMAT = dwarf;
				ENABLE_STRICT_OBJC_MSGSEND = YES;
				ENABLE_TESTABILITY = YES;
				GCC_C_LANGUAGE_STANDARD = gnu11;
				GCC_DYNAMIC_NO_PIC = NO;
				GCC_NO_COMMON_BLOCKS = YES;
				GCC_OPTIMIZATION_LEVEL = 0;
				GCC_PREPROCESSOR_DEFINITIONS = (
					"DEBUG=1",
					"$(inherited)",
				);
				GCC_WARN_64_TO_32_BIT_CONVERSION = YES;
				GCC_WARN_ABOUT_RETURN_TYPE = YES_ERROR;
				GCC_WARN_UNDECLARED_SELECTOR = YES;
				GCC_WARN_UNINITIALIZED_AUTOS = YES_AGGRESSIVE;
				GCC_WARN_UNUSED_FUNCTION = YES;
				GCC_WARN_UNUSED_VARIABLE = YES;
				IPHONEOS_DEPLOYMENT_TARGET = 12.2;
				MTL_ENABLE_DEBUG_INFO = INCLUDE_SOURCE;
				MTL_FAST_MATH = YES;
				ONLY_ACTIVE_ARCH = YES;
				SDKROOT = iphoneos;
				SWIFT_ACTIVE_COMPILATION_CONDITIONS = DEBUG;
				SWIFT_OPTIMIZATION_LEVEL = "-Onone";
			};
			name = Debug;
		};
		86801A2C22DD2F5200739E54 /* Release */ = {
			isa = XCBuildConfiguration;
			buildSettings = {
				ALWAYS_SEARCH_USER_PATHS = NO;
				CLANG_ANALYZER_NONNULL = YES;
				CLANG_ANALYZER_NUMBER_OBJECT_CONVERSION = YES_AGGRESSIVE;
				CLANG_CXX_LANGUAGE_STANDARD = "gnu++14";
				CLANG_CXX_LIBRARY = "libc++";
				CLANG_ENABLE_MODULES = YES;
				CLANG_ENABLE_OBJC_ARC = YES;
				CLANG_ENABLE_OBJC_WEAK = YES;
				CLANG_WARN_BLOCK_CAPTURE_AUTORELEASING = YES;
				CLANG_WARN_BOOL_CONVERSION = YES;
				CLANG_WARN_COMMA = YES;
				CLANG_WARN_CONSTANT_CONVERSION = YES;
				CLANG_WARN_DEPRECATED_OBJC_IMPLEMENTATIONS = YES;
				CLANG_WARN_DIRECT_OBJC_ISA_USAGE = YES_ERROR;
				CLANG_WARN_DOCUMENTATION_COMMENTS = YES;
				CLANG_WARN_EMPTY_BODY = YES;
				CLANG_WARN_ENUM_CONVERSION = YES;
				CLANG_WARN_INFINITE_RECURSION = YES;
				CLANG_WARN_INT_CONVERSION = YES;
				CLANG_WARN_NON_LITERAL_NULL_CONVERSION = YES;
				CLANG_WARN_OBJC_IMPLICIT_RETAIN_SELF = YES;
				CLANG_WARN_OBJC_LITERAL_CONVERSION = YES;
				CLANG_WARN_OBJC_ROOT_CLASS = YES_ERROR;
				CLANG_WARN_RANGE_LOOP_ANALYSIS = YES;
				CLANG_WARN_STRICT_PROTOTYPES = YES;
				CLANG_WARN_SUSPICIOUS_MOVE = YES;
				CLANG_WARN_UNGUARDED_AVAILABILITY = YES_AGGRESSIVE;
				CLANG_WARN_UNREACHABLE_CODE = YES;
				CLANG_WARN__DUPLICATE_METHOD_MATCH = YES;
				CODE_SIGN_IDENTITY = "iPhone Developer";
				COPY_PHASE_STRIP = NO;
				DEBUG_INFORMATION_FORMAT = "dwarf-with-dsym";
				ENABLE_NS_ASSERTIONS = NO;
				ENABLE_STRICT_OBJC_MSGSEND = YES;
				GCC_C_LANGUAGE_STANDARD = gnu11;
				GCC_NO_COMMON_BLOCKS = YES;
				GCC_WARN_64_TO_32_BIT_CONVERSION = YES;
				GCC_WARN_ABOUT_RETURN_TYPE = YES_ERROR;
				GCC_WARN_UNDECLARED_SELECTOR = YES;
				GCC_WARN_UNINITIALIZED_AUTOS = YES_AGGRESSIVE;
				GCC_WARN_UNUSED_FUNCTION = YES;
				GCC_WARN_UNUSED_VARIABLE = YES;
				IPHONEOS_DEPLOYMENT_TARGET = 12.2;
				MTL_ENABLE_DEBUG_INFO = NO;
				MTL_FAST_MATH = YES;
				SDKROOT = iphoneos;
				SWIFT_COMPILATION_MODE = wholemodule;
				SWIFT_OPTIMIZATION_LEVEL = "-O";
				VALIDATE_PRODUCT = YES;
			};
			name = Release;
		};
		86801A2E22DD2F5200739E54 /* Debug */ = {
			isa = XCBuildConfiguration;
			baseConfigurationReference = 0CA665AEE32BEAA6549D0648 /* Pods-BestSwiftRepo.debug.xcconfig */;
			buildSettings = {
				ASSETCATALOG_COMPILER_APPICON_NAME = AppIcon;
				CODE_SIGN_STYLE = Automatic;
				DEVELOPMENT_TEAM = A62T4XMM89;
				INFOPLIST_FILE = "$(SRCROOT)/BestSwiftRepo/Resources/Info.plist";
				LD_RUNPATH_SEARCH_PATHS = (
					"$(inherited)",
					"@executable_path/Frameworks",
				);
				PRODUCT_BUNDLE_IDENTIFIER = thiagomf.com.br.BestSwiftRepo;
				PRODUCT_NAME = "$(TARGET_NAME)";
				SWIFT_VERSION = 5.0;
				TARGETED_DEVICE_FAMILY = "1,2";
			};
			name = Debug;
		};
		86801A2F22DD2F5200739E54 /* Release */ = {
			isa = XCBuildConfiguration;
			baseConfigurationReference = E3812E2D1A68930D052286A6 /* Pods-BestSwiftRepo.release.xcconfig */;
			buildSettings = {
				ASSETCATALOG_COMPILER_APPICON_NAME = AppIcon;
				CODE_SIGN_STYLE = Automatic;
				DEVELOPMENT_TEAM = A62T4XMM89;
				INFOPLIST_FILE = "$(SRCROOT)/BestSwiftRepo/Resources/Info.plist";
				LD_RUNPATH_SEARCH_PATHS = (
					"$(inherited)",
					"@executable_path/Frameworks",
				);
				PRODUCT_BUNDLE_IDENTIFIER = thiagomf.com.br.BestSwiftRepo;
				PRODUCT_NAME = "$(TARGET_NAME)";
				SWIFT_VERSION = 5.0;
				TARGETED_DEVICE_FAMILY = "1,2";
			};
			name = Release;
		};
		86801A3122DD2F5200739E54 /* Debug */ = {
			isa = XCBuildConfiguration;
			baseConfigurationReference = 99F2519E4C2B212BD017CEFD /* Pods-BestSwiftRepoTests.debug.xcconfig */;
			buildSettings = {
				ALWAYS_EMBED_SWIFT_STANDARD_LIBRARIES = YES;
				BUNDLE_LOADER = "$(TEST_HOST)";
				CODE_SIGN_STYLE = Automatic;
				DEVELOPMENT_TEAM = A62T4XMM89;
				INFOPLIST_FILE = BestSwiftRepoTests/Info.plist;
				LD_RUNPATH_SEARCH_PATHS = (
					"$(inherited)",
					"@executable_path/Frameworks",
					"@loader_path/Frameworks",
				);
				PRODUCT_BUNDLE_IDENTIFIER = thiagomf.com.br.BestSwiftRepoTests;
				PRODUCT_NAME = "$(TARGET_NAME)";
				SWIFT_VERSION = 5.0;
				TARGETED_DEVICE_FAMILY = "1,2";
				TEST_HOST = "$(BUILT_PRODUCTS_DIR)/BestSwiftRepo.app/BestSwiftRepo";
			};
			name = Debug;
		};
		86801A3222DD2F5200739E54 /* Release */ = {
			isa = XCBuildConfiguration;
			baseConfigurationReference = 14B49E8F838EB4B29280D2DF /* Pods-BestSwiftRepoTests.release.xcconfig */;
			buildSettings = {
				ALWAYS_EMBED_SWIFT_STANDARD_LIBRARIES = YES;
				BUNDLE_LOADER = "$(TEST_HOST)";
				CODE_SIGN_STYLE = Automatic;
				DEVELOPMENT_TEAM = A62T4XMM89;
				INFOPLIST_FILE = BestSwiftRepoTests/Info.plist;
				LD_RUNPATH_SEARCH_PATHS = (
					"$(inherited)",
					"@executable_path/Frameworks",
					"@loader_path/Frameworks",
				);
				PRODUCT_BUNDLE_IDENTIFIER = thiagomf.com.br.BestSwiftRepoTests;
				PRODUCT_NAME = "$(TARGET_NAME)";
				SWIFT_VERSION = 5.0;
				TARGETED_DEVICE_FAMILY = "1,2";
				TEST_HOST = "$(BUILT_PRODUCTS_DIR)/BestSwiftRepo.app/BestSwiftRepo";
			};
			name = Release;
		};
		86801A3422DD2F5200739E54 /* Debug */ = {
			isa = XCBuildConfiguration;
			baseConfigurationReference = 3B830594EB98FDC2C967C835 /* Pods-BestSwiftRepoUITests.debug.xcconfig */;
			buildSettings = {
				ALWAYS_EMBED_SWIFT_STANDARD_LIBRARIES = YES;
				CODE_SIGN_STYLE = Automatic;
				DEVELOPMENT_TEAM = A62T4XMM89;
				INFOPLIST_FILE = BestSwiftRepoUITests/Info.plist;
				LD_RUNPATH_SEARCH_PATHS = (
					"$(inherited)",
					"@executable_path/Frameworks",
					"@loader_path/Frameworks",
				);
				PRODUCT_BUNDLE_IDENTIFIER = thiagomf.com.br.BestSwiftRepoUITests;
				PRODUCT_NAME = "$(TARGET_NAME)";
				SWIFT_VERSION = 5.0;
				TARGETED_DEVICE_FAMILY = "1,2";
				TEST_TARGET_NAME = BestSwiftRepo;
			};
			name = Debug;
		};
		86801A3522DD2F5200739E54 /* Release */ = {
			isa = XCBuildConfiguration;
			baseConfigurationReference = BE7398CE25A1A84C71211B45 /* Pods-BestSwiftRepoUITests.release.xcconfig */;
			buildSettings = {
				ALWAYS_EMBED_SWIFT_STANDARD_LIBRARIES = YES;
				CODE_SIGN_STYLE = Automatic;
				DEVELOPMENT_TEAM = A62T4XMM89;
				INFOPLIST_FILE = BestSwiftRepoUITests/Info.plist;
				LD_RUNPATH_SEARCH_PATHS = (
					"$(inherited)",
					"@executable_path/Frameworks",
					"@loader_path/Frameworks",
				);
				PRODUCT_BUNDLE_IDENTIFIER = thiagomf.com.br.BestSwiftRepoUITests;
				PRODUCT_NAME = "$(TARGET_NAME)";
				SWIFT_VERSION = 5.0;
				TARGETED_DEVICE_FAMILY = "1,2";
				TEST_TARGET_NAME = BestSwiftRepo;
			};
			name = Release;
		};
/* End XCBuildConfiguration section */

/* Begin XCConfigurationList section */
		86801A0022DD2F5000739E54 /* Build configuration list for PBXProject "BestSwiftRepo" */ = {
			isa = XCConfigurationList;
			buildConfigurations = (
				86801A2B22DD2F5200739E54 /* Debug */,
				86801A2C22DD2F5200739E54 /* Release */,
			);
			defaultConfigurationIsVisible = 0;
			defaultConfigurationName = Release;
		};
		86801A2D22DD2F5200739E54 /* Build configuration list for PBXNativeTarget "BestSwiftRepo" */ = {
			isa = XCConfigurationList;
			buildConfigurations = (
				86801A2E22DD2F5200739E54 /* Debug */,
				86801A2F22DD2F5200739E54 /* Release */,
			);
			defaultConfigurationIsVisible = 0;
			defaultConfigurationName = Release;
		};
		86801A3022DD2F5200739E54 /* Build configuration list for PBXNativeTarget "BestSwiftRepoTests" */ = {
			isa = XCConfigurationList;
			buildConfigurations = (
				86801A3122DD2F5200739E54 /* Debug */,
				86801A3222DD2F5200739E54 /* Release */,
			);
			defaultConfigurationIsVisible = 0;
			defaultConfigurationName = Release;
		};
		86801A3322DD2F5200739E54 /* Build configuration list for PBXNativeTarget "BestSwiftRepoUITests" */ = {
			isa = XCConfigurationList;
			buildConfigurations = (
				86801A3422DD2F5200739E54 /* Debug */,
				86801A3522DD2F5200739E54 /* Release */,
			);
			defaultConfigurationIsVisible = 0;
			defaultConfigurationName = Release;
		};
/* End XCConfigurationList section */
	};
	rootObject = 868019FD22DD2F5000739E54 /* Project object */;
}
